
Microsoft Visual Studio Solution File, Format Version 12.00
# Visual Studio Version 17
VisualStudioVersion = 17.13.35931.197
MinimumVisualStudioVersion = 10.0.40219.1
Project("{FAE04EC0-301F-11D3-BF4B-00C04F79EFBC}") = "ThGameMode", "ThGameMode.csproj", "{93C24FAC-892D-46A0-8752-A950259B943A}"
EndProject
Global
	GlobalSection(SolutionConfigurationPlatforms) = preSolution
		Debug|Any CPU = Debug|Any CPU
		Release|Any CPU = Release|Any CPU
	EndGlobalSection
	GlobalSection(ProjectConfigurationPlatforms) = postSolution
		{93C24FAC-892D-46A0-8752-A950259B943A}.Debug|Any CPU.ActiveCfg = Debug|Any CPU
		{93C24FAC-892D-46A0-8752-A950259B943A}.Debug|Any CPU.Build.0 = Debug|Any CPU
		{93C24FAC-892D-46A0-8752-A950259B943A}.Release|Any CPU.ActiveCfg = Release|Any CPU
		{93C24FAC-892D-46A0-8752-A950259B943A}.Release|Any CPU.Build.0 = Release|Any CPU
	EndGlobalSection
	GlobalSection(SolutionProperties) = preSolution
		HideSolutionNode = FALSE
	EndGlobalSection
	GlobalSection(ExtensibilityGlobals) = postSolution
		SolutionGuid = {7155BAAC-7056-44F3-A8BE-113535A52858}
	EndGlobalSection
EndGlobal
